
Microsoft Visual Studio Solution File, Format Version 12.00
# Visual Studio Version 17
VisualStudioVersion = 17.1.32228.430
MinimumVisualStudioVersion = 10.0.40219.1
Project("{FAE04EC0-301F-11D3-BF4B-00C04F79EFBC}") = "Strings", "Strings.csproj", "{9FE0F0CE-EF36-42D0-BD00-41E4537E0861}"
EndProject
Global
	GlobalSection(SolutionConfigurationPlatforms) = preSolution
		Debug|Any CPU = Debug|Any CPU
		Release|Any CPU = Release|Any CPU
	EndGlobalSection
	GlobalSection(ProjectConfigurationPlatforms) = postSolution
		{9FE0F0CE-EF36-42D0-BD00-41E4537E0861}.Debug|Any CPU.ActiveCfg = Debug|Any CPU
		{9FE0F0CE-EF36-42D0-BD00-41E4537E0861}.Debug|Any CPU.Build.0 = Debug|Any CPU
		{9FE0F0CE-EF36-42D0-BD00-41E4537E0861}.Release|Any CPU.ActiveCfg = Release|Any CPU
		{9FE0F0CE-EF36-42D0-BD00-41E4537E0861}.Release|Any CPU.Build.0 = Release|Any CPU
	EndGlobalSection
	GlobalSection(SolutionProperties) = preSolution
		HideSolutionNode = FALSE
	EndGlobalSection
	GlobalSection(ExtensibilityGlobals) = postSolution
		SolutionGuid = {560A486B-2AAC-40D2-8A2E-D7735DD920CC}
	EndGlobalSection
EndGlobal
